Microsoft Visual Studio Solution File, Format Version 12.00
# Visual Studio Version 16
VisualStudioVersion = 16.0.0.0
MinimumVisualStudioVersion = 16.0.0.0
Project("{9A19103F-16F7-4668-BE54-9A1E7A4F7556}") = "ActorsCafe.Server", "ActorsCafe.Server\ActorsCafe.Server.csproj", "{B76C71AA-6264-4713-A9B7-4D34B54D8F4F}"
EndProject
Project("{9A19103F-16F7-4668-BE54-9A1E7A4F7556}") = "ActorsCafe.Client", "ActorsCafe.Client\ActorsCafe.Client.csproj", "{FA0293CB-CC8B-4E77-8D38-DE1C8F26F744}"
EndProject
Project("{9A19103F-16F7-4668-BE54-9A1E7A4F7556}") = "ActorsCafe.Common", "ActorsCafe.Common\ActorsCafe.Common.csproj", "{C51B1498-AC9B-42E1-81DD-52B5F3D52D91}"
EndProject
Global
	GlobalSection(SolutionConfigurationPlatforms) = preSolution
		Debug|Any CPU = Debug|Any CPU
		Debug|x64 = Debug|x64
		Debug|x86 = Debug|x86
		Release|Any CPU = Release|Any CPU
		Release|x64 = Release|x64
		Release|x86 = Release|x86
	EndGlobalSection
	GlobalSection(ProjectConfigurationPlatforms) = postSolution
		{FA0293CB-CC8B-4E77-8D38-DE1C8F26F744}.Debug|Any CPU.ActiveCfg = Debug|Any CPU
		{FA0293CB-CC8B-4E77-8D38-DE1C8F26F744}.Debug|Any CPU.Build.0 = Debug|Any CPU
		{FA0293CB-CC8B-4E77-8D38-DE1C8F26F744}.Debug|x64.ActiveCfg = Debug|Any CPU
		{FA0293CB-CC8B-4E77-8D38-DE1C8F26F744}.Debug|x64.Build.0 = Debug|Any CPU
		{FA0293CB-CC8B-4E77-8D38-DE1C8F26F744}.Debug|x86.ActiveCfg = Debug|Any CPU
		{FA0293CB-CC8B-4E77-8D38-DE1C8F26F744}.Debug|x86.Build.0 = Debug|Any CPU
		{FA0293CB-CC8B-4E77-8D38-DE1C8F26F744}.Release|Any CPU.ActiveCfg = Release|Any CPU
		{FA0293CB-CC8B-4E77-8D38-DE1C8F26F744}.Release|Any CPU.Build.0 = Release|Any CPU
		{FA0293CB-CC8B-4E77-8D38-DE1C8F26F744}.Release|x64.ActiveCfg = Release|Any CPU
		{FA0293CB-CC8B-4E77-8D38-DE1C8F26F744}.Release|x64.Build.0 = Release|Any CPU
		{FA0293CB-CC8B-4E77-8D38-DE1C8F26F744}.Release|x86.ActiveCfg = Release|Any CPU
		{FA0293CB-CC8B-4E77-8D38-DE1C8F26F744}.Release|x86.Build.0 = Release|Any CPU
		{B76C71AA-6264-4713-A9B7-4D34B54D8F4F}.Debug|Any CPU.ActiveCfg = Debug|Any CPU
		{B76C71AA-6264-4713-A9B7-4D34B54D8F4F}.Debug|Any CPU.Build.0 = Debug|Any CPU
		{B76C71AA-6264-4713-A9B7-4D34B54D8F4F}.Debug|x64.ActiveCfg = Debug|Any CPU
		{B76C71AA-6264-4713-A9B7-4D34B54D8F4F}.Debug|x64.Build.0 = Debug|Any CPU
		{B76C71AA-6264-4713-A9B7-4D34B54D8F4F}.Debug|x86.ActiveCfg = Debug|Any CPU
		{B76C71AA-6264-4713-A9B7-4D34B54D8F4F}.Debug|x86.Build.0 = Debug|Any CPU
		{B76C71AA-6264-4713-A9B7-4D34B54D8F4F}.Release|Any CPU.ActiveCfg = Release|Any CPU
		{B76C71AA-6264-4713-A9B7-4D34B54D8F4F}.Release|Any CPU.Build.0 = Release|Any CPU
		{B76C71AA-6264-4713-A9B7-4D34B54D8F4F}.Release|x64.ActiveCfg = Release|Any CPU
		{B76C71AA-6264-4713-A9B7-4D34B54D8F4F}.Release|x64.Build.0 = Release|Any CPU
		{B76C71AA-6264-4713-A9B7-4D34B54D8F4F}.Release|x86.ActiveCfg = Release|Any CPU
		{B76C71AA-6264-4713-A9B7-4D34B54D8F4F}.Release|x86.Build.0 = Release|Any CPU
		{C51B1498-AC9B-42E1-81DD-52B5F3D52D91}.Debug|Any CPU.ActiveCfg = Debug|Any CPU
		{C51B1498-AC9B-42E1-81DD-52B5F3D52D91}.Debug|Any CPU.Build.0 = Debug|Any CPU
		{C51B1498-AC9B-42E1-81DD-52B5F3D52D91}.Debug|x64.ActiveCfg = Debug|Any CPU
		{C51B1498-AC9B-42E1-81DD-52B5F3D52D91}.Debug|x64.Build.0 = Debug|Any CPU
		{C51B1498-AC9B-42E1-81DD-52B5F3D52D91}.Debug|x86.ActiveCfg = Debug|Any CPU
		{C51B1498-AC9B-42E1-81DD-52B5F3D52D91}.Debug|x86.Build.0 = Debug|Any CPU
		{C51B1498-AC9B-42E1-81DD-52B5F3D52D91}.Release|Any CPU.ActiveCfg = Release|Any CPU
		{C51B1498-AC9B-42E1-81DD-52B5F3D52D91}.Release|Any CPU.Build.0 = Release|Any CPU
		{C51B1498-AC9B-42E1-81DD-52B5F3D52D91}.Release|x64.ActiveCfg = Release|Any CPU
		{C51B1498-AC9B-42E1-81DD-52B5F3D52D91}.Release|x64.Build.0 = Release|Any CPU
		{C51B1498-AC9B-42E1-81DD-52B5F3D52D91}.Release|x86.ActiveCfg = Release|Any CPU
		{C51B1498-AC9B-42E1-81DD-52B5F3D52D91}.Release|x86.Build.0 = Release|Any CPU
	EndGlobalSection
	GlobalSection(SolutionProperties) = preSolution
		HideSolutionNode = FALSE
	EndGlobalSection
	GlobalSection(ExtensibilityGlobals) = postSolution
		SolutionGuid = {8FDE5E63-31C9-4465-A482-A075021013E3}
	EndGlobalSection
EndGlobal
